
Microsoft Visual Studio Solution File, Format Version 12.00
# Visual Studio Version 16
VisualStudioVersion = 16.0.30225.117
MinimumVisualStudioVersion = 10.0.40219.1
Project("{9092AA53-FB77-4645-B42D-1CCCA6BD08BD}") = "NODE_TEST", "NODE_TEST.njsproj", "{6EAA1F22-C14F-41DB-818F-6CA58BF26D6A}"
EndProject
Global
	GlobalSection(SolutionConfigurationPlatforms) = preSolution
		Debug|Any CPU = Debug|Any CPU
		Release|Any CPU = Release|Any CPU
	EndGlobalSection
	GlobalSection(ProjectConfigurationPlatforms) = postSolution
		{6EAA1F22-C14F-41DB-818F-6CA58BF26D6A}.Debug|Any CPU.ActiveCfg = Debug|Any CPU
		{6EAA1F22-C14F-41DB-818F-6CA58BF26D6A}.Debug|Any CPU.Build.0 = Debug|Any CPU
		{6EAA1F22-C14F-41DB-818F-6CA58BF26D6A}.Release|Any CPU.ActiveCfg = Release|Any CPU
		{6EAA1F22-C14F-41DB-818F-6CA58BF26D6A}.Release|Any CPU.Build.0 = Release|Any CPU
	EndGlobalSection
	GlobalSection(SolutionProperties) = preSolution
		HideSolutionNode = FALSE
	EndGlobalSection
	GlobalSection(ExtensibilityGlobals) = postSolution
		SolutionGuid = {EC74E4D4-3C6D-4883-A07F-89D100C7D61C}
	EndGlobalSection
EndGlobal
